{
  "nodes": {
    "nixpkgs-darwin": {
      "locked": {
        "lastModified": 1786920013,
        "narHash": "sha256-pZqBmBBjVeaxmFGe1bwfyaN9PyGg8KKEelN/UCw3gEg=",
        "rev": "33da5f36e599b50aa7dbbfacb718254423b18354",
        "type": "tarball",
        "url": "https://releases.nixos.org/nixpkgs/26.05-darwin/nixpkgs-darwin-26.05pre1012102.33da5f36e599/nixexprs.tar.xz"
      },
      "original": {
        "id": "nixpkgs",
        "ref": "nixpkgs-26.05-darwin",
        "type": "indirect"
      }
    },
    "nixpkgs-linux": {
      "locked": {
        "lastModified": 1787101114,
        "narHash": "sha256-BA7sSNjLDuPGSOYBGpr6WQjke1MQ8AZpJ8GlYZM/mOc=",
        "rev": "b18a4b905f8d028dc4476412e6d6891728695379",
        "type": "tarball",
        "url": "https://releases.nixos.org/nixos/26.05/nixos-26.05.8045.b18a4b905f8d/nixexprs.tar.xz"
      },
      "original": {
        "id": "nixpkgs",
        "ref": "nixos-26.05",
        "type": "indirect"
      }
    },
    "nixpkgs-unstable": {
      "locked": {
        "lastModified": 1787172299,
        "narHash": "sha256-LS/aXgJh+/1UgtrOxdS5Wum/PgmQYa1AMFZHdH+xGyo=",
        "rev": "07e1d92cdc0ed416cfa11ff3ca40d17e61cfba7a",
        "type": "tarball",
        "url": "https://releases.nixos.org/nixpkgs/nixpkgs-26.11pre1058374.07e1d92cdc0e/nixexprs.tar.xz"
      },
      "original": {
        "id": "nixpkgs",
        "ref": "nixpkgs-unstable",
        "type": "indirect"
      }
    },
    "root": {
      "inputs": {
        "nixpkgs-darwin": "nixpkgs-darwin",
        "nixpkgs-linux": "nixpkgs-linux",
        "nixpkgs-unstable": "nixpkgs-unstable"
      }
    }
  },
  "root": "root",
  "version": 7
}
